
Microsoft Visual Studio Solution File, Format Version 12.00
# Visual Studio Version 17
VisualStudioVersion = 17.3.32804.467
MinimumVisualStudioVersion = 10.0.40219.1
Project("{9A19103F-16F7-4668-BE54-9A1E7A4F7556}") = "bam.core", "submodules\bam.core\bam.core\bam.core.csproj", "{43DB604E-6F62-4DC5-BD8A-2CF4070BFA35}"
EndProject
Project("{2150E333-8FDC-42A3-9474-1A3956D46DE8}") = "submodules", "submodules", "{7410F164-6C35-4B67-9402-173DD2DD14AE}"
EndProject
Project("{9A19103F-16F7-4668-BE54-9A1E7A4F7556}") = "bam.remote", "submodules\bam.remote\bam.remote.csproj", "{5FC1AA7F-4D3E-4B47-89FF-D42F98F48A82}"
EndProject
Project("{9A19103F-16F7-4668-BE54-9A1E7A4F7556}") = "bambot", "bambot\bambot.csproj", "{D34023E4-F39B-4C31-8CDF-B84E02A36679}"
EndProject
Project("{D954291E-2A0B-460D-934E-DC6B0785DB48}") = "bam.net.shared", "submodules\bam.core\submodules\bam.net.shared\bam.net.shared.shproj", "{0F8D2388-3821-46F7-AFF9-6F9987990E2B}"
EndProject
Global
	GlobalSection(SolutionConfigurationPlatforms) = preSolution
		Debug|Any CPU = Debug|Any CPU
		Release|Any CPU = Release|Any CPU
	EndGlobalSection
	GlobalSection(ProjectConfigurationPlatforms) = postSolution
		{43DB604E-6F62-4DC5-BD8A-2CF4070BFA35}.Debug|Any CPU.ActiveCfg = Debug|Any CPU
		{43DB604E-6F62-4DC5-BD8A-2CF4070BFA35}.Debug|Any CPU.Build.0 = Debug|Any CPU
		{43DB604E-6F62-4DC5-BD8A-2CF4070BFA35}.Release|Any CPU.ActiveCfg = Release|Any CPU
		{43DB604E-6F62-4DC5-BD8A-2CF4070BFA35}.Release|Any CPU.Build.0 = Release|Any CPU
		{5FC1AA7F-4D3E-4B47-89FF-D42F98F48A82}.Debug|Any CPU.ActiveCfg = Debug|Any CPU
		{5FC1AA7F-4D3E-4B47-89FF-D42F98F48A82}.Debug|Any CPU.Build.0 = Debug|Any CPU
		{5FC1AA7F-4D3E-4B47-89FF-D42F98F48A82}.Release|Any CPU.ActiveCfg = Release|Any CPU
		{5FC1AA7F-4D3E-4B47-89FF-D42F98F48A82}.Release|Any CPU.Build.0 = Release|Any CPU
		{D34023E4-F39B-4C31-8CDF-B84E02A36679}.Debug|Any CPU.ActiveCfg = Debug|Any CPU
		{D34023E4-F39B-4C31-8CDF-B84E02A36679}.Debug|Any CPU.Build.0 = Debug|Any CPU
		{D34023E4-F39B-4C31-8CDF-B84E02A36679}.Release|Any CPU.ActiveCfg = Release|Any CPU
		{D34023E4-F39B-4C31-8CDF-B84E02A36679}.Release|Any CPU.Build.0 = Release|Any CPU
	EndGlobalSection
	GlobalSection(SolutionProperties) = preSolution
		HideSolutionNode = FALSE
	EndGlobalSection
	GlobalSection(NestedProjects) = preSolution
		{43DB604E-6F62-4DC5-BD8A-2CF4070BFA35} = {7410F164-6C35-4B67-9402-173DD2DD14AE}
		{5FC1AA7F-4D3E-4B47-89FF-D42F98F48A82} = {7410F164-6C35-4B67-9402-173DD2DD14AE}
		{0F8D2388-3821-46F7-AFF9-6F9987990E2B} = {7410F164-6C35-4B67-9402-173DD2DD14AE}
	EndGlobalSection
	GlobalSection(ExtensibilityGlobals) = postSolution
		SolutionGuid = {8149254C-AE21-4E4A-91D0-3E52C3B7E052}
	EndGlobalSection
	GlobalSection(SharedMSBuildProjectFiles) = preSolution
		submodules\bam.core\submodules\bam.net.shared\bam.net.shared.projitems*{0f8d2388-3821-46f7-aff9-6f9987990e2b}*SharedItemsImports = 13
		submodules\bam.core\submodules\bam.net.shared\bam.net.shared.projitems*{43db604e-6f62-4dc5-bd8a-2cf4070bfa35}*SharedItemsImports = 5
	EndGlobalSection
EndGlobal
